// !$*UTF8*$!
{
	archiveVersion = 1;
	classes = {
	};
	objectVersion = 56;
	objects = {

/* Begin PBXBuildFile section */
		1D5F93712A6BFB8000A4EECF /* AppDelegate.swift in Sources */ = {isa = PBXBuildFile; fileRef = 1D5F93702A6BFB8000A4EECF /* AppDelegate.swift */; };
		1D5F93732A6BFB8000A4EECF /* SceneDelegate.swift in Sources */ = {isa = PBXBuildFile; fileRef = 1D5F93722A6BFB8000A4EECF /* SceneDelegate.swift */; };
		1D5F93752A6BFB8000A4EECF /* ViewController.swift in Sources */ = {isa = PBXBuildFile; fileRef = 1D5F93742A6BFB8000A4EECF /* ViewController.swift */; };
		1D5F93782A6BFB8000A4EECF /* Main.storyboard in Resources */ = {isa = PBXBuildFile; fileRef = 1D5F93762A6BFB8000A4EECF /* Main.storyboard */; };
		1D5F937A2A6BFB8100A4EECF /* Assets.xcassets in Resources */ = {isa = PBXBuildFile; fileRef = 1D5F93792A6BFB8100A4EECF /* Assets.xcassets */; };
		1D5F937D2A6BFB8100A4EECF /* LaunchScreen.storyboard in Resources */ = {isa = PBXBuildFile; fileRef = 1D5F937B2A6BFB8100A4EECF /* LaunchScreen.storyboard */; };
		1D5F93852A6BFD4400A4EECF /* Styleguide.swift in Sources */ = {isa = PBXBuildFile; fileRef = 1D5F93842A6BFD4400A4EECF /* Styleguide.swift */; };
		1D5F93872A6BFDBE00A4EECF /* StyleGuideTableViewController.swift in Sources */ = {isa = PBXBuildFile; fileRef = 1D5F93862A6BFDBE00A4EECF /* StyleGuideTableViewController.swift */; };
		1D5F93AF2A6E281800A4EECF /* Accessory.swift in Sources */ = {isa = PBXBuildFile; fileRef = 1D5F93AE2A6E281800A4EECF /* Accessory.swift */; };
		1D5F93B12A6E287100A4EECF /* AccessoryTableTableViewController.swift in Sources */ = {isa = PBXBuildFile; fileRef = 1D5F93B02A6E287100A4EECF /* AccessoryTableTableViewController.swift */; };
		1D5F93B32A6E297300A4EECF /* AddAccessoryViewController.swift in Sources */ = {isa = PBXBuildFile; fileRef = 1D5F93B22A6E297300A4EECF /* AddAccessoryViewController.swift */; };
/* End PBXBuildFile section */

/* Begin PBXFileReference section */
		1D5F936D2A6BFB8000A4EECF /* Sprezzaturra.app */ = {isa = PBXFileReference; explicitFileType = wrapper.application; includeInIndex = 0; path = Sprezzaturra.app; sourceTree = BUILT_PRODUCTS_DIR; };
		1D5F93702A6BFB8000A4EECF /* AppDelegate.swift */ = {isa = PBXFileReference; lastKnownFileType = sourcecode.swift; path = AppDelegate.swift; sourceTree = "<group>"; };
		1D5F93722A6BFB8000A4EECF /* SceneDelegate.swift */ = {isa = PBXFileReference; lastKnownFileType = sourcecode.swift; path = SceneDelegate.swift; sourceTree = "<group>"; };
		1D5F93742A6BFB8000A4EECF /* ViewController.swift */ = {isa = PBXFileReference; lastKnownFileType = sourcecode.swift; path = ViewController.swift; sourceTree = "<group>"; };
		1D5F93772A6BFB8000A4EECF /* Base */ = {isa = PBXFileReference; lastKnownFileType = file.storyboard; name = Base; path = Base.lproj/Main.storyboard; sourceTree = "<group>"; };
		1D5F93792A6BFB8100A4EECF /* Assets.xcassets */ = {isa = PBXFileReference; lastKnownFileType = folder.assetcatalog; path = Assets.xcassets; sourceTree = "<group>"; };
		1D5F937C2A6BFB8100A4EECF /* Base */ = {isa = PBXFileReference; lastKnownFileType = file.storyboard; name = Base; path = Base.lproj/LaunchScreen.storyboard; sourceTree = "<group>"; };
		1D5F937E2A6BFB8100A4EECF /* Info.plist */ = {isa = PBXFileReference; lastKnownFileType = text.plist.xml; path = Info.plist; sourceTree = "<group>"; };
		1D5F93842A6BFD4400A4EECF /* Styleguide.swift */ = {isa = PBXFileReference; lastKnownFileType = sourcecode.swift; path = Styleguide.swift; sourceTree = "<group>"; };
		1D5F93862A6BFDBE00A4EECF /* StyleGuideTableViewController.swift */ = {isa = PBXFileReference; lastKnownFileType = sourcecode.swift; path = StyleGuideTableViewController.swift; sourceTree = "<group>"; };
		1D5F93AE2A6E281800A4EECF /* Accessory.swift */ = {isa = PBXFileReference; lastKnownFileType = sourcecode.swift; path = Accessory.swift; sourceTree = "<group>"; };
		1D5F93B02A6E287100A4EECF /* AccessoryTableTableViewController.swift */ = {isa = PBXFileReference; lastKnownFileType = sourcecode.swift; path = AccessoryTableTableViewController.swift; sourceTree = "<group>"; };
		1D5F93B22A6E297300A4EECF /* AddAccessoryViewController.swift */ = {isa = PBXFileReference; lastKnownFileType = sourcecode.swift; path = AddAccessoryViewController.swift; sourceTree = "<group>"; };
/* End PBXFileReference section */

/* Begin PBXFrameworksBuildPhase section */
		1D5F936A2A6BFB8000A4EECF /* Frameworks */ = {
			isa = PBXFrameworksBuildPhase;
			buildActionMask = 2147483647;
			files = (
			);
			runOnlyForDeploymentPostprocessing = 0;
		};
/* End PBXFrameworksBuildPhase section */

/* Begin PBXGroup section */
		1D5F93642A6BFB7F00A4EECF = {
			isa = PBXGroup;
			children = (
				1D5F936F2A6BFB8000A4EECF /* Sprezzaturra */,
				1D5F936E2A6BFB8000A4EECF /* Products */,
			);
			sourceTree = "<group>";
		};
		1D5F936E2A6BFB8000A4EECF /* Products */ = {
			isa = PBXGroup;
			children = (
				1D5F936D2A6BFB8000A4EECF /* Sprezzaturra.app */,
			);
			name = Products;
			sourceTree = "<group>";
		};
		1D5F936F2A6BFB8000A4EECF /* Sprezzaturra */ = {
			isa = PBXGroup;
			children = (
				1D5F93702A6BFB8000A4EECF /* AppDelegate.swift */,
				1D5F93722A6BFB8000A4EECF /* SceneDelegate.swift */,
				1D5F93742A6BFB8000A4EECF /* ViewController.swift */,
				1D5F93862A6BFDBE00A4EECF /* StyleGuideTableViewController.swift */,
				1D5F93842A6BFD4400A4EECF /* Styleguide.swift */,
				1D5F93762A6BFB8000A4EECF /* Main.storyboard */,
				1D5F93792A6BFB8100A4EECF /* Assets.xcassets */,
				1D5F937B2A6BFB8100A4EECF /* LaunchScreen.storyboard */,
				1D5F937E2A6BFB8100A4EECF /* Info.plist */,
				1D5F93AE2A6E281800A4EECF /* Accessory.swift */,
				1D5F93B02A6E287100A4EECF /* AccessoryTableTableViewController.swift */,
				1D5F93B22A6E297300A4EECF /* AddAccessoryViewController.swift */,
			);
			path = Sprezzaturra;
			sourceTree = "<group>";
		};
/* End PBXGroup section */

/* Begin PBXNativeTarget section */
		1D5F936C2A6BFB8000A4EECF /* Sprezzaturra */ = {
			isa = PBXNativeTarget;
			buildConfigurationList = 1D5F93812A6BFB8100A4EECF /* Build configuration list for PBXNativeTarget "Sprezzaturra" */;
			buildPhases = (
				1D5F93692A6BFB8000A4EECF /* Sources */,
				1D5F936A2A6BFB8000A4EECF /* Frameworks */,
				1D5F936B2A6BFB8000A4EECF /* Resources */,
			);
			buildRules = (
			);
			dependencies = (
			);
			name = Sprezzaturra;
			productName = Sprezzaturra;
			productReference = 1D5F936D2A6BFB8000A4EECF /* Sprezzaturra.app */;
			productType = "com.apple.product-type.application";
		};
/* End PBXNativeTarget section */

/* Begin PBXProject section */
		1D5F93652A6BFB7F00A4EECF /* Project object */ = {
			isa = PBXProject;
			attributes = {
				BuildIndependentTargetsInParallel = 1;
				LastSwiftUpdateCheck = 1430;
				LastUpgradeCheck = 1430;
				TargetAttributes = {
					1D5F936C2A6BFB8000A4EECF = {
						CreatedOnToolsVersion = 14.3;
					};
				};
			};
			buildConfigurationList = 1D5F93682A6BFB7F00A4EECF /* Build configuration list for PBXProject "Sprezzaturra" */;
			compatibilityVersion = "Xcode 14.0";
			developmentRegion = en;
			hasScannedForEncodings = 0;
			knownRegions = (
				en,
				Base,
			);
			mainGroup = 1D5F93642A6BFB7F00A4EECF;
			productRefGroup = 1D5F936E2A6BFB8000A4EECF /* Products */;
			projectDirPath = "";
			projectRoot = "";
			targets = (
				1D5F936C2A6BFB8000A4EECF /* Sprezzaturra */,
			);
		};
/* End PBXProject section */

/* Begin PBXResourcesBuildPhase section */
		1D5F936B2A6BFB8000A4EECF /* Resources */ = {
			isa = PBXResourcesBuildPhase;
			buildActionMask = 2147483647;
			files = (
				1D5F937D2A6BFB8100A4EECF /* LaunchScreen.storyboard in Resources */,
				1D5F937A2A6BFB8100A4EECF /* Assets.xcassets in Resources */,
				1D5F93782A6BFB8000A4EECF /* Main.storyboard in Resources */,
			);
			runOnlyForDeploymentPostprocessing = 0;
		};
/* End PBXResourcesBuildPhase section */

/* Begin PBXSourcesBuildPhase section */
		1D5F93692A6BFB8000A4EECF /* Sources */ = {
			isa = PBXSourcesBuildPhase;
			buildActionMask = 2147483647;
			files = (
				1D5F93752A6BFB8000A4EECF /* ViewController.swift in Sources */,
				1D5F93AF2A6E281800A4EECF /* Accessory.swift in Sources */,
				1D5F93712A6BFB8000A4EECF /* AppDelegate.swift in Sources */,
				1D5F93872A6BFDBE00A4EECF /* StyleGuideTableViewController.swift in Sources */,
				1D5F93B12A6E287100A4EECF /* AccessoryTableTableViewController.swift in Sources */,
				1D5F93852A6BFD4400A4EECF /* Styleguide.swift in Sources */,
				1D5F93B32A6E297300A4EECF /* AddAccessoryViewController.swift in Sources */,
				1D5F93732A6BFB8000A4EECF /* SceneDelegate.swift in Sources */,
			);
			runOnlyForDeploymentPostprocessing = 0;
		};
/* End PBXSourcesBuildPhase section */

/* Begin PBXVariantGroup section */
		1D5F93762A6BFB8000A4EECF /* Main.storyboard */ = {
			isa = PBXVariantGroup;
			children = (
				1D5F93772A6BFB8000A4EECF /* Base */,
			);
			name = Main.storyboard;
			sourceTree = "<group>";
		};
		1D5F937B2A6BFB8100A4EECF /* LaunchScreen.storyboard */ = {
			isa = PBXVariantGroup;
			children = (
				1D5F937C2A6BFB8100A4EECF /* Base */,
			);
			name = LaunchScreen.storyboard;
			sourceTree = "<group>";
		};
/* End PBXVariantGroup section */

/* Begin XCBuildConfiguration section */
		1D5F937F2A6BFB8100A4EECF /* Debug */ = {
			isa = XCBuildConfiguration;
			buildSettings = {
				ALWAYS_SEARCH_USER_PATHS = NO;
				CLANG_ANALYZER_NONNULL = YES;
				CLANG_ANALYZER_NUMBER_OBJECT_CONVERSION = YES_AGGRESSIVE;
				CLANG_CXX_LANGUAGE_STANDARD = "gnu++20";
				CLANG_ENABLE_MODULES = YES;
				CLANG_ENABLE_OBJC_ARC = YES;
				CLANG_ENABLE_OBJC_WEAK = YES;
				CLANG_WARN_BLOCK_CAPTURE_AUTORELEASING = YES;
				CLANG_WARN_BOOL_CONVERSION = YES;
				CLANG_WARN_COMMA = YES;
				CLANG_WARN_CONSTANT_CONVERSION = YES;
				CLANG_WARN_DEPRECATED_OBJC_IMPLEMENTATIONS = YES;
				CLANG_WARN_DIRECT_OBJC_ISA_USAGE = YES_ERROR;
				CLANG_WARN_DOCUMENTATION_COMMENTS = YES;
				CLANG_WARN_EMPTY_BODY = YES;
				CLANG_WARN_ENUM_CONVERSION = YES;
				CLANG_WARN_INFINITE_RECURSION = YES;
				CLANG_WARN_INT_CONVERSION = YES;
				CLANG_WARN_NON_LITERAL_NULL_CONVERSION = YES;
				CLANG_WARN_OBJC_IMPLICIT_RETAIN_SELF = YES;
				CLANG_WARN_OBJC_LITERAL_CONVERSION = YES;
				CLANG_WARN_OBJC_ROOT_CLASS = YES_ERROR;
				CLANG_WARN_QUOTED_INCLUDE_IN_FRAMEWORK_HEADER = YES;
				CLANG_WARN_RANGE_LOOP_ANALYSIS = YES;
				CLANG_WARN_STRICT_PROTOTYPES = YES;
				CLANG_WARN_SUSPICIOUS_MOVE = YES;
				CLANG_WARN_UNGUARDED_AVAILABILITY = YES_AGGRESSIVE;
				CLANG_WARN_UNREACHABLE_CODE = YES;
				CLANG_WARN__DUPLICATE_METHOD_MATCH = YES;
				COPY_PHASE_STRIP = NO;
				DEBUG_INFORMATION_FORMAT = dwarf;
				ENABLE_STRICT_OBJC_MSGSEND = YES;
				ENABLE_TESTABILITY = YES;
				GCC_C_LANGUAGE_STANDARD = gnu11;
				GCC_DYNAMIC_NO_PIC = NO;
				GCC_NO_COMMON_BLOCKS = YES;
				GCC_OPTIMIZATION_LEVEL = 0;
				GCC_PREPROCESSOR_DEFINITIONS = (
					"DEBUG=1",
					"$(inherited)",
				);
				GCC_WARN_64_TO_32_BIT_CONVERSION = YES;
				GCC_WARN_ABOUT_RETURN_TYPE = YES_ERROR;
				GCC_WARN_UNDECLARED_SELECTOR = YES;
				GCC_WARN_UNINITIALIZED_AUTOS = YES_AGGRESSIVE;
				GCC_WARN_UNUSED_FUNCTION = YES;
				GCC_WARN_UNUSED_VARIABLE = YES;
				IPHONEOS_DEPLOYMENT_TARGET = 16.4;
				MTL_ENABLE_DEBUG_INFO = INCLUDE_SOURCE;
				MTL_FAST_MATH = YES;
				ONLY_ACTIVE_ARCH = YES;
				SDKROOT = iphoneos;
				SWIFT_ACTIVE_COMPILATION_CONDITIONS = DEBUG;
				SWIFT_OPTIMIZATION_LEVEL = "-Onone";
			};
			name = Debug;
		};
		1D5F93802A6BFB8100A4EECF /* Release */ = {
			isa = XCBuildConfiguration;
			buildSettings = {
				ALWAYS_SEARCH_USER_PATHS = NO;
				CLANG_ANALYZER_NONNULL = YES;
				CLANG_ANALYZER_NUMBER_OBJECT_CONVERSION = YES_AGGRESSIVE;
				CLANG_CXX_LANGUAGE_STANDARD = "gnu++20";
				CLANG_ENABLE_MODULES = YES;
				CLANG_ENABLE_OBJC_ARC = YES;
				CLANG_ENABLE_OBJC_WEAK = YES;
				CLANG_WARN_BLOCK_CAPTURE_AUTORELEASING = YES;
				CLANG_WARN_BOOL_CONVERSION = YES;
				CLANG_WARN_COMMA = YES;
				CLANG_WARN_CONSTANT_CONVERSION = YES;
				CLANG_WARN_DEPRECATED_OBJC_IMPLEMENTATIONS = YES;
				CLANG_WARN_DIRECT_OBJC_ISA_USAGE = YES_ERROR;
				CLANG_WARN_DOCUMENTATION_COMMENTS = YES;
				CLANG_WARN_EMPTY_BODY = YES;
				CLANG_WARN_ENUM_CONVERSION = YES;
				CLANG_WARN_INFINITE_RECURSION = YES;
				CLANG_WARN_INT_CONVERSION = YES;
				CLANG_WARN_NON_LITERAL_NULL_CONVERSION = YES;
				CLANG_WARN_OBJC_IMPLICIT_RETAIN_SELF = YES;
				CLANG_WARN_OBJC_LITERAL_CONVERSION = YES;
				CLANG_WARN_OBJC_ROOT_CLASS = YES_ERROR;
				CLANG_WARN_QUOTED_INCLUDE_IN_FRAMEWORK_HEADER = YES;
				CLANG_WARN_RANGE_LOOP_ANALYSIS = YES;
				CLANG_WARN_STRICT_PROTOTYPES = YES;
				CLANG_WARN_SUSPICIOUS_MOVE = YES;
				CLANG_WARN_UNGUARDED_AVAILABILITY = YES_AGGRESSIVE;
				CLANG_WARN_UNREACHABLE_CODE = YES;
				CLANG_WARN__DUPLICATE_METHOD_MATCH = YES;
				COPY_PHASE_STRIP = NO;
				DEBUG_INFORMATION_FORMAT = "dwarf-with-dsym";
				ENABLE_NS_ASSERTIONS = NO;
				ENABLE_STRICT_OBJC_MSGSEND = YES;
				GCC_C_LANGUAGE_STANDARD = gnu11;
				GCC_NO_COMMON_BLOCKS = YES;
				GCC_WARN_64_TO_32_BIT_CONVERSION = YES;
				GCC_WARN_ABOUT_RETURN_TYPE = YES_ERROR;
				GCC_WARN_UNDECLARED_SELECTOR = YES;
				GCC_WARN_UNINITIALIZED_AUTOS = YES_AGGRESSIVE;
				GCC_WARN_UNUSED_FUNCTION = YES;
				GCC_WARN_UNUSED_VARIABLE = YES;
				IPHONEOS_DEPLOYMENT_TARGET = 16.4;
				MTL_ENABLE_DEBUG_INFO = NO;
				MTL_FAST_MATH = YES;
				SDKROOT = iphoneos;
				SWIFT_COMPILATION_MODE = wholemodule;
				SWIFT_OPTIMIZATION_LEVEL = "-O";
				VALIDATE_PRODUCT = YES;
			};
			name = Release;
		};
		1D5F93822A6BFB8100A4EECF /* Debug */ = {
			isa = XCBuildConfiguration;
			buildSettings = {
				ASSETCATALOG_COMPILER_APPICON_NAME = AppIcon;
				ASSETCATALOG_COMPILER_GLOBAL_ACCENT_COLOR_NAME = AccentColor;
				CODE_SIGN_STYLE = Automatic;
				CURRENT_PROJECT_VERSION = 1;
				DEVELOPMENT_TEAM = 5JGS5Y3M6D;
				GENERATE_INFOPLIST_FILE = YES;
				INFOPLIST_FILE = Sprezzaturra/Info.plist;
				INFOPLIST_KEY_UIApplicationSupportsIndirectInputEvents = YES;
				INFOPLIST_KEY_UILaunchStoryboardName = LaunchScreen;
				INFOPLIST_KEY_UIMainStoryboardFile = Main;
				INFOPLIST_KEY_UISupportedInterfaceOrientations_iPad = "UIInterfaceOrientationPortrait UIInterfaceOrientationPortraitUpsideDown UIInterfaceOrientationLandscapeLeft UIInterfaceOrientationLandscapeRight";
				INFOPLIST_KEY_UISupportedInterfaceOrientations_iPhone = "UIInterfaceOrientationPortrait UIInterfaceOrientationLandscapeLeft UIInterfaceOrientationLandscapeRight";
				LD_RUNPATH_SEARCH_PATHS = (
					"$(inherited)",
					"@executable_path/Frameworks",
				);
				MARKETING_VERSION = 1.0;
				PRODUCT_BUNDLE_IDENTIFIER = com.example.Sprezzaturra;
				PRODUCT_NAME = "$(TARGET_NAME)";
				SWIFT_EMIT_LOC_STRINGS = YES;
				SWIFT_VERSION = 5.0;
				TARGETED_DEVICE_FAMILY = "1,2";
			};
			name = Debug;
		};
		1D5F93832A6BFB8100A4EECF /* Release */ = {
			isa = XCBuildConfiguration;
			buildSettings = {
				ASSETCATALOG_COMPILER_APPICON_NAME = AppIcon;
				ASSETCATALOG_COMPILER_GLOBAL_ACCENT_COLOR_NAME = AccentColor;
				CODE_SIGN_STYLE = Automatic;
				CURRENT_PROJECT_VERSION = 1;
				DEVELOPMENT_TEAM = 5JGS5Y3M6D;
				GENERATE_INFOPLIST_FILE = YES;
				INFOPLIST_FILE = Sprezzaturra/Info.plist;
				INFOPLIST_KEY_UIApplicationSupportsIndirectInputEvents = YES;
				INFOPLIST_KEY_UILaunchStoryboardName = LaunchScreen;
				INFOPLIST_KEY_UIMainStoryboardFile = Main;
				INFOPLIST_KEY_UISupportedInterfaceOrientations_iPad = "UIInterfaceOrientationPortrait UIInterfaceOrientationPortraitUpsideDown UIInterfaceOrientationLandscapeLeft UIInterfaceOrientationLandscapeRight";
				INFOPLIST_KEY_UISupportedInterfaceOrientations_iPhone = "UIInterfaceOrientationPortrait UIInterfaceOrientationLandscapeLeft UIInterfaceOrientationLandscapeRight";
				LD_RUNPATH_SEARCH_PATHS = (
					"$(inherited)",
					"@executable_path/Frameworks",
				);
				MARKETING_VERSION = 1.0;
				PRODUCT_BUNDLE_IDENTIFIER = com.example.Sprezzaturra;
				PRODUCT_NAME = "$(TARGET_NAME)";
				SWIFT_EMIT_LOC_STRINGS = YES;
				SWIFT_VERSION = 5.0;
				TARGETED_DEVICE_FAMILY = "1,2";
			};
			name = Release;
		};
/* End XCBuildConfiguration section */

/* Begin XCConfigurationList section */
		1D5F93682A6BFB7F00A4EECF /* Build configuration list for PBXProject "Sprezzaturra" */ = {
			isa = XCConfigurationList;
			buildConfigurations = (
				1D5F937F2A6BFB8100A4EECF /* Debug */,
				1D5F93802A6BFB8100A4EECF /* Release */,
			);
			defaultConfigurationIsVisible = 0;
			defaultConfigurationName = Release;
		};
		1D5F93812A6BFB8100A4EECF /* Build configuration list for PBXNativeTarget "Sprezzaturra" */ = {
			isa = XCConfigurationList;
			buildConfigurations = (
				1D5F93822A6BFB8100A4EECF /* Debug */,
				1D5F93832A6BFB8100A4EECF /* Release */,
			);
			defaultConfigurationIsVisible = 0;
			defaultConfigurationName = Release;
		};
/* End XCConfigurationList section */
	};
	rootObject = 1D5F93652A6BFB7F00A4EECF /* Project object */;
}
